
Microsoft Visual Studio Solution File, Format Version 12.00
# Visual Studio Version 16
VisualStudioVersion = 16.0.29613.14
MinimumVisualStudioVersion = 10.0.40219.1
Project("{FAE04EC0-301F-11D3-BF4B-00C04F79EFBC}") = "ChinookRESTier.API", "ChinookRESTier.API\ChinookRESTier.API.csproj", "{D0DB4534-89CD-438F-9F20-F5ADFB8C52D7}"
EndProject
Global
	GlobalSection(SolutionConfigurationPlatforms) = preSolution
		Debug|Any CPU = Debug|Any CPU
		Release|Any CPU = Release|Any CPU
	EndGlobalSection
	GlobalSection(ProjectConfigurationPlatforms) = postSolution
		{D0DB4534-89CD-438F-9F20-F5ADFB8C52D7}.Debug|Any CPU.ActiveCfg = Debug|Any CPU
		{D0DB4534-89CD-438F-9F20-F5ADFB8C52D7}.Debug|Any CPU.Build.0 = Debug|Any CPU
		{D0DB4534-89CD-438F-9F20-F5ADFB8C52D7}.Release|Any CPU.ActiveCfg = Release|Any CPU
		{D0DB4534-89CD-438F-9F20-F5ADFB8C52D7}.Release|Any CPU.Build.0 = Release|Any CPU
	EndGlobalSection
	GlobalSection(SolutionProperties) = preSolution
		HideSolutionNode = FALSE
	EndGlobalSection
	GlobalSection(ExtensibilityGlobals) = postSolution
		SolutionGuid = {A29EBE18-6B87-4E07-917D-AFA159BDFE45}
	EndGlobalSection
EndGlobal
